
Microsoft Visual Studio Solution File, Format Version 12.00
# Visual Studio Version 17
VisualStudioVersion = 17.6.33829.357
MinimumVisualStudioVersion = 10.0.40219.1
Project("{FAE04EC0-301F-11D3-BF4B-00C04F79EFBC}") = "PartialViewDemo", "PartialViewDemo\PartialViewDemo.csproj", "{6C9271E4-A49D-4586-AF47-0C7BEDBBAF45}"
EndProject
Global
	GlobalSection(SolutionConfigurationPlatforms) = preSolution
		Debug|Any CPU = Debug|Any CPU
		Release|Any CPU = Release|Any CPU
	EndGlobalSection
	GlobalSection(ProjectConfigurationPlatforms) = postSolution
		{6C9271E4-A49D-4586-AF47-0C7BEDBBAF45}.Debug|Any CPU.ActiveCfg = Debug|Any CPU
		{6C9271E4-A49D-4586-AF47-0C7BEDBBAF45}.Debug|Any CPU.Build.0 = Debug|Any CPU
		{6C9271E4-A49D-4586-AF47-0C7BEDBBAF45}.Release|Any CPU.ActiveCfg = Release|Any CPU
		{6C9271E4-A49D-4586-AF47-0C7BEDBBAF45}.Release|Any CPU.Build.0 = Release|Any CPU
	EndGlobalSection
	GlobalSection(SolutionProperties) = preSolution
		HideSolutionNode = FALSE
	EndGlobalSection
	GlobalSection(ExtensibilityGlobals) = postSolution
		SolutionGuid = {35FE2EBA-DB7C-4821-91FD-1130F3E6FD92}
	EndGlobalSection
EndGlobal
